
Microsoft Visual Studio Solution File, Format Version 12.00
# Visual Studio Version 17
VisualStudioVersion = 17.2.32526.322
MinimumVisualStudioVersion = 10.0.40219.1
Project("{FAE04EC0-301F-11D3-BF4B-00C04F79EFBC}") = "View", "View\View.csproj", "{5F911A08-7514-4D5F-8E33-E5FA39FC333C}"
EndProject
Project("{FAE04EC0-301F-11D3-BF4B-00C04F79EFBC}") = "Model", "Model\Model.csproj", "{06563FF6-42B3-42D5-8750-D86455989629}"
EndProject
Project("{FAE04EC0-301F-11D3-BF4B-00C04F79EFBC}") = "Controller", "Controller\Controller.csproj", "{4BCC0600-BE68-42AD-9789-DE4708E27692}"
EndProject
Global
	GlobalSection(SolutionConfigurationPlatforms) = preSolution
		Debug|Any CPU = Debug|Any CPU
		Release|Any CPU = Release|Any CPU
	EndGlobalSection
	GlobalSection(ProjectConfigurationPlatforms) = postSolution
		{5F911A08-7514-4D5F-8E33-E5FA39FC333C}.Debug|Any CPU.ActiveCfg = Debug|Any CPU
		{5F911A08-7514-4D5F-8E33-E5FA39FC333C}.Debug|Any CPU.Build.0 = Debug|Any CPU
		{5F911A08-7514-4D5F-8E33-E5FA39FC333C}.Release|Any CPU.ActiveCfg = Release|Any CPU
		{5F911A08-7514-4D5F-8E33-E5FA39FC333C}.Release|Any CPU.Build.0 = Release|Any CPU
		{06563FF6-42B3-42D5-8750-D86455989629}.Debug|Any CPU.ActiveCfg = Debug|Any CPU
		{06563FF6-42B3-42D5-8750-D86455989629}.Debug|Any CPU.Build.0 = Debug|Any CPU
		{06563FF6-42B3-42D5-8750-D86455989629}.Release|Any CPU.ActiveCfg = Release|Any CPU
		{06563FF6-42B3-42D5-8750-D86455989629}.Release|Any CPU.Build.0 = Release|Any CPU
		{4BCC0600-BE68-42AD-9789-DE4708E27692}.Debug|Any CPU.ActiveCfg = Debug|Any CPU
		{4BCC0600-BE68-42AD-9789-DE4708E27692}.Debug|Any CPU.Build.0 = Debug|Any CPU
		{4BCC0600-BE68-42AD-9789-DE4708E27692}.Release|Any CPU.ActiveCfg = Release|Any CPU
		{4BCC0600-BE68-42AD-9789-DE4708E27692}.Release|Any CPU.Build.0 = Release|Any CPU
	EndGlobalSection
	GlobalSection(SolutionProperties) = preSolution
		HideSolutionNode = FALSE
	EndGlobalSection
	GlobalSection(ExtensibilityGlobals) = postSolution
		SolutionGuid = {CE96E539-91F9-452B-B60A-8475ED8495EB}
	EndGlobalSection
EndGlobal
